
Microsoft Visual Studio Solution File, Format Version 12.00
# Visual Studio Version 17
VisualStudioVersion = 17.0.31919.166
MinimumVisualStudioVersion = 10.0.40219.1
Project("{FAE04EC0-301F-11D3-BF4B-00C04F79EFBC}") = "Pong", "Pong\Pong.csproj", "{5ED112DC-7AF0-4193-8A04-4B01DC8A0316}"
EndProject
Global
	GlobalSection(SolutionConfigurationPlatforms) = preSolution
		Debug|Any CPU = Debug|Any CPU
		Release|Any CPU = Release|Any CPU
	EndGlobalSection
	GlobalSection(ProjectConfigurationPlatforms) = postSolution
		{5ED112DC-7AF0-4193-8A04-4B01DC8A0316}.Debug|Any CPU.ActiveCfg = Debug|Any CPU
		{5ED112DC-7AF0-4193-8A04-4B01DC8A0316}.Debug|Any CPU.Build.0 = Debug|Any CPU
		{5ED112DC-7AF0-4193-8A04-4B01DC8A0316}.Release|Any CPU.ActiveCfg = Release|Any CPU
		{5ED112DC-7AF0-4193-8A04-4B01DC8A0316}.Release|Any CPU.Build.0 = Release|Any CPU
	EndGlobalSection
	GlobalSection(SolutionProperties) = preSolution
		HideSolutionNode = FALSE
	EndGlobalSection
	GlobalSection(ExtensibilityGlobals) = postSolution
		SolutionGuid = {8F64A147-1596-432B-B67B-C9AD2182054D}
	EndGlobalSection
EndGlobal
